
Microsoft Visual Studio Solution File, Format Version 12.00
# Visual Studio Version 17
VisualStudioVersion = 17.14.36414.22 d17.14
MinimumVisualStudioVersion = 10.0.40219.1
Project("{FAE04EC0-301F-11D3-BF4B-00C04F79EFBC}") = "OnlinefoodDeliverySystem", "OnlinefoodDeliverySystem\OnlinefoodDeliverySystem.csproj", "{CC588D87-AE9A-4834-9660-EF88C635BE40}"
EndProject
Global
	GlobalSection(SolutionConfigurationPlatforms) = preSolution
		Debug|Any CPU = Debug|Any CPU
		Release|Any CPU = Release|Any CPU
	EndGlobalSection
	GlobalSection(ProjectConfigurationPlatforms) = postSolution
		{CC588D87-AE9A-4834-9660-EF88C635BE40}.Debug|Any CPU.ActiveCfg = Debug|Any CPU
		{CC588D87-AE9A-4834-9660-EF88C635BE40}.Debug|Any CPU.Build.0 = Debug|Any CPU
		{CC588D87-AE9A-4834-9660-EF88C635BE40}.Release|Any CPU.ActiveCfg = Release|Any CPU
		{CC588D87-AE9A-4834-9660-EF88C635BE40}.Release|Any CPU.Build.0 = Release|Any CPU
	EndGlobalSection
	GlobalSection(SolutionProperties) = preSolution
		HideSolutionNode = FALSE
	EndGlobalSection
	GlobalSection(ExtensibilityGlobals) = postSolution
		SolutionGuid = {0DD175C1-2A31-4520-A097-46345E0813CD}
	EndGlobalSection
EndGlobal
